// !$*UTF8*$!
{
	archiveVersion = 1;
	classes = {
	};
	objectVersion = 54;
	objects = {

/* Begin PBXBuildFile section */
		00E356F31AD99517003FC87E /* foodieTests.m in Sources */ = {isa = PBXBuildFile; fileRef = 00E356F21AD99517003FC87E /* foodieTests.m */; };
		13B07FBC1A68108700A75B9A /* AppDelegate.m in Sources */ = {isa = PBXBuildFile; fileRef = 13B07FB01A68108700A75B9A /* AppDelegate.m */; };
		13B07FBF1A68108700A75B9A /* Images.xcassets in Resources */ = {isa = PBXBuildFile; fileRef = 13B07FB51A68108700A75B9A /* Images.xcassets */; };
		13B07FC11A68108700A75B9A /* main.m in Sources */ = {isa = PBXBuildFile; fileRef = 13B07FB71A68108700A75B9A /* main.m */; };
		81AB9BB82411601600AC10FF /* LaunchScreen.storyboard in Resources */ = {isa = PBXBuildFile; fileRef = 81AB9BB72411601600AC10FF /* LaunchScreen.storyboard */; };
		D533851C07F64C2DAC58DEBF /* image4.png in Resources */ = {isa = PBXBuildFile; fileRef = 4D9B61A54DB74A1B9E9F46A2 /* image4.png */; };
		24DE4F9BCC5845029A4E669D /* Metropolis-Black.otf in Resources */ = {isa = PBXBuildFile; fileRef = 31F6CD65999143058390A820 /* Metropolis-Black.otf */; };
		2D81AF48556848C8B37D42AE /* Metropolis-BlackItalic.otf in Resources */ = {isa = PBXBuildFile; fileRef = A6F4D55EA29C4646B85A4798 /* Metropolis-BlackItalic.otf */; };
		9C398B64EAA748C58F69D585 /* Metropolis-Bold.otf in Resources */ = {isa = PBXBuildFile; fileRef = 35E95D35DDD14F05AD927BFC /* Metropolis-Bold.otf */; };
		4F3FA96DB68C45A8BAA33EDF /* Metropolis-BoldItalic.otf in Resources */ = {isa = PBXBuildFile; fileRef = 4F508CA5501C4229868B25A9 /* Metropolis-BoldItalic.otf */; };
		BC860B4131BA46C1B58FA3BD /* Metropolis-ExtraBold.otf in Resources */ = {isa = PBXBuildFile; fileRef = 6B05C1F9253A457982267723 /* Metropolis-ExtraBold.otf */; };
		2FDC5E3583AF4468A8370657 /* Metropolis-ExtraBoldItalic.otf in Resources */ = {isa = PBXBuildFile; fileRef = E67D6AED3A80407BBB5D1335 /* Metropolis-ExtraBoldItalic.otf */; };
		99394ED179924780948D8D69 /* Metropolis-ExtraLight.otf in Resources */ = {isa = PBXBuildFile; fileRef = 87F5389C1A8E4A42894750EB /* Metropolis-ExtraLight.otf */; };
		6F0A9ADBA9624172820479D3 /* Metropolis-ExtraLightItalic.otf in Resources */ = {isa = PBXBuildFile; fileRef = 20B32F0B4A88400CA248E6E2 /* Metropolis-ExtraLightItalic.otf */; };
		EAB890C5842F4E67A94D12ED /* Metropolis-Light.otf in Resources */ = {isa = PBXBuildFile; fileRef = 5F16A8ECE2F84AC4941D18D2 /* Metropolis-Light.otf */; };
		A88371DE441C409894FB78A9 /* Metropolis-LightItalic.otf in Resources */ = {isa = PBXBuildFile; fileRef = 4D913144EDA844508134957D /* Metropolis-LightItalic.otf */; };
		368D4B70946D4A40B65CD7FF /* Metropolis-Medium.otf in Resources */ = {isa = PBXBuildFile; fileRef = 1545D8DADD3A4142B0DD4E22 /* Metropolis-Medium.otf */; };
		1D2EB7FE31784D9BB7F2E5AA /* Metropolis-MediumItalic.otf in Resources */ = {isa = PBXBuildFile; fileRef = 7B91A02979AC4953BE1E47D0 /* Metropolis-MediumItalic.otf */; };
		BE481405036B4FE2B056F5FD /* Metropolis-Regular.otf in Resources */ = {isa = PBXBuildFile; fileRef = FFA3F5753E8849B6BC86AC3E /* Metropolis-Regular.otf */; };
		2CB52C98A84F4CA8A9F008F6 /* Metropolis-RegularItalic.otf in Resources */ = {isa = PBXBuildFile; fileRef = 93128FC6EBDC440EACBBCD15 /* Metropolis-RegularItalic.otf */; };
		48C5CFCCF0B847E7A440AC8E /* Metropolis-SemiBold.otf in Resources */ = {isa = PBXBuildFile; fileRef = CC77E1B4C60A4507A37C72AF /* Metropolis-SemiBold.otf */; };
		844011C041574B98AED38C43 /* Metropolis-SemiBoldItalic.otf in Resources */ = {isa = PBXBuildFile; fileRef = 0B5216EA03034249825277C2 /* Metropolis-SemiBoldItalic.otf */; };
		EF05B3E2048B49D6B0B85B67 /* Metropolis-Thin.otf in Resources */ = {isa = PBXBuildFile; fileRef = F422BF1A05AB47788E93CCA0 /* Metropolis-Thin.otf */; };
		9E1641B588F047979B1C676E /* Metropolis-ThinItalic.otf in Resources */ = {isa = PBXBuildFile; fileRef = 112DC4BBE4BD4957B15305B0 /* Metropolis-ThinItalic.otf */; };
		3E5413AE35654530A9132497 /* Metropolis-Black.otf in Resources */ = {isa = PBXBuildFile; fileRef = 73942E8B553E40BA91BD7BBA /* Metropolis-Black.otf */; };
		1CB26B8525D14BEF8FBF1D9D /* Metropolis-BlackItalic.otf in Resources */ = {isa = PBXBuildFile; fileRef = D160E30811D943E1A7F0598C /* Metropolis-BlackItalic.otf */; };
		133F7854FE264DC7A55578C8 /* Metropolis-Bold.otf in Resources */ = {isa = PBXBuildFile; fileRef = 6C41FB26C3A24B65B248ED66 /* Metropolis-Bold.otf */; };
		88E979344C1F4D8CAE60E191 /* Metropolis-BoldItalic.otf in Resources */ = {isa = PBXBuildFile; fileRef = 0C94B8417D514BF39D6410C5 /* Metropolis-BoldItalic.otf */; };
		0AE39DC0745743E3A4683396 /* Metropolis-ExtraBold.otf in Resources */ = {isa = PBXBuildFile; fileRef = F50D0520E8A947C68CB2F9A4 /* Metropolis-ExtraBold.otf */; };
		551D4BC6D4864C67A91A6819 /* Metropolis-ExtraBoldItalic.otf in Resources */ = {isa = PBXBuildFile; fileRef = 587F8E428BA042E2995F6B71 /* Metropolis-ExtraBoldItalic.otf */; };
		A0F1A87CDF404D5B8BAA52FA /* Metropolis-ExtraLight.otf in Resources */ = {isa = PBXBuildFile; fileRef = 18606329373B4A23884DA966 /* Metropolis-ExtraLight.otf */; };
		B25C6DE19CF0408DA4E9C844 /* Metropolis-ExtraLightItalic.otf in Resources */ = {isa = PBXBuildFile; fileRef = C4ABBDCFA08647AA95335A89 /* Metropolis-ExtraLightItalic.otf */; };
		C5C947F6F97B47E397305F74 /* Metropolis-Light.otf in Resources */ = {isa = PBXBuildFile; fileRef = C2B10AD27876431F9A1FABCD /* Metropolis-Light.otf */; };
		7C7DA100D71F429A94942988 /* Metropolis-LightItalic.otf in Resources */ = {isa = PBXBuildFile; fileRef = 0F41B631E104426485ACA879 /* Metropolis-LightItalic.otf */; };
		E180BA72A70647AB80C29FAB /* Metropolis-Medium.otf in Resources */ = {isa = PBXBuildFile; fileRef = 6BA1028FB7914D27B729128D /* Metropolis-Medium.otf */; };
		04E157AE341A4E29B813C8AC /* Metropolis-MediumItalic.otf in Resources */ = {isa = PBXBuildFile; fileRef = 250C093710D34F8B907BCDC1 /* Metropolis-MediumItalic.otf */; };
		25DAE90F2158408BAF78226F /* Metropolis-Regular.otf in Resources */ = {isa = PBXBuildFile; fileRef = A0E2147354D94DA194FF7A49 /* Metropolis-Regular.otf */; };
		4826F9B6CC2C41808DC54426 /* Metropolis-RegularItalic.otf in Resources */ = {isa = PBXBuildFile; fileRef = 81346D0C44D94ABBAEA49F53 /* Metropolis-RegularItalic.otf */; };
		E5D33356A02C4FFD8B784A88 /* Metropolis-SemiBold.otf in Resources */ = {isa = PBXBuildFile; fileRef = AB5F0AABF1BC4042B55E4F5B /* Metropolis-SemiBold.otf */; };
		4DC496F9503746F7B15FF571 /* Metropolis-SemiBoldItalic.otf in Resources */ = {isa = PBXBuildFile; fileRef = 7D1B6F6C499D4DD2B53A659C /* Metropolis-SemiBoldItalic.otf */; };
		D7CDD38CBCAC41C3BA868D8A /* Metropolis-Thin.otf in Resources */ = {isa = PBXBuildFile; fileRef = 8174C6461A3E42D0989A2C28 /* Metropolis-Thin.otf */; };
		0CBB9260F57D444BA5EEABE0 /* Metropolis-ThinItalic.otf in Resources */ = {isa = PBXBuildFile; fileRef = 6329FE82AFC347EDA1F755B3 /* Metropolis-ThinItalic.otf */; };
/* End PBXBuildFile section */

/* Begin PBXContainerItemProxy section */
		00E356F41AD99517003FC87E /* PBXContainerItemProxy */ = {
			isa = PBXContainerItemProxy;
			containerPortal = 83CBB9F71A601CBA00E9B192 /* Project object */;
			proxyType = 1;
			remoteGlobalIDString = 13B07F861A680F5B00A75B9A;
			remoteInfo = foodie;
		};
/* End PBXContainerItemProxy section */

/* Begin PBXFileReference section */
		00E356EE1AD99517003FC87E /* foodieTests.xctest */ = {isa = PBXFileReference; explicitFileType = wrapper.cfbundle; includeInIndex = 0; path = foodieTests.xctest; sourceTree = BUILT_PRODUCTS_DIR; };
		00E356F11AD99517003FC87E /* Info.plist */ = {isa = PBXFileReference; lastKnownFileType = text.plist.xml; path = Info.plist; sourceTree = "<group>"; };
		00E356F21AD99517003FC87E /* foodieTests.m */ = {isa = PBXFileReference; lastKnownFileType = sourcecode.c.objc; path = foodieTests.m; sourceTree = "<group>"; };
		13B07F961A680F5B00A75B9A /* foodie.app */ = {isa = PBXFileReference; explicitFileType = wrapper.application; includeInIndex = 0; path = foodie.app; sourceTree = BUILT_PRODUCTS_DIR; };
		13B07FAF1A68108700A75B9A /* AppDelegate.h */ = {isa = PBXFileReference; fileEncoding = 4; lastKnownFileType = sourcecode.c.h; name = AppDelegate.h; path = foodie/AppDelegate.h; sourceTree = "<group>"; };
		13B07FB01A68108700A75B9A /* AppDelegate.m */ = {isa = PBXFileReference; fileEncoding = 4; lastKnownFileType = sourcecode.c.objc; name = AppDelegate.m; path = foodie/AppDelegate.m; sourceTree = "<group>"; };
		13B07FB51A68108700A75B9A /* Images.xcassets */ = {isa = PBXFileReference; lastKnownFileType = folder.assetcatalog; name = Images.xcassets; path = foodie/Images.xcassets; sourceTree = "<group>"; };
		13B07FB61A68108700A75B9A /* Info.plist */ = {isa = PBXFileReference; fileEncoding = 4; lastKnownFileType = text.plist.xml; name = Info.plist; path = foodie/Info.plist; sourceTree = "<group>"; };
		13B07FB71A68108700A75B9A /* main.m */ = {isa = PBXFileReference; fileEncoding = 4; lastKnownFileType = sourcecode.c.objc; name = main.m; path = foodie/main.m; sourceTree = "<group>"; };
		81AB9BB72411601600AC10FF /* LaunchScreen.storyboard */ = {isa = PBXFileReference; fileEncoding = 4; lastKnownFileType = file.storyboard; name = LaunchScreen.storyboard; path = foodie/LaunchScreen.storyboard; sourceTree = "<group>"; };
		ED297162215061F000B7C4FE /* JavaScriptCore.framework */ = {isa = PBXFileReference; lastKnownFileType = wrapper.framework; name = JavaScriptCore.framework; path = System/Library/Frameworks/JavaScriptCore.framework; sourceTree = SDKROOT; };
		4D9B61A54DB74A1B9E9F46A2 /* image4.png */ = {isa = PBXFileReference; name = "image4.png"; path = "../assets/image4.png"; sourceTree = "<group>"; fileEncoding = undefined; lastKnownFileType = unknown; explicitFileType = undefined; includeInIndex = 0; };
		31F6CD65999143058390A820 /* Metropolis-Black.otf */ = {isa = PBXFileReference; name = "Metropolis-Black.otf"; path = "../assets/Metropolis-Black.otf"; sourceTree = "<group>"; fileEncoding = undefined; lastKnownFileType = unknown; explicitFileType = undefined; includeInIndex = 0; };
		A6F4D55EA29C4646B85A4798 /* Metropolis-BlackItalic.otf */ = {isa = PBXFileReference; name = "Metropolis-BlackItalic.otf"; path = "../assets/Metropolis-BlackItalic.otf"; sourceTree = "<group>"; fileEncoding = undefined; lastKnownFileType = unknown; explicitFileType = undefined; includeInIndex = 0; };
		35E95D35DDD14F05AD927BFC /* Metropolis-Bold.otf */ = {isa = PBXFileReference; name = "Metropolis-Bold.otf"; path = "../assets/Metropolis-Bold.otf"; sourceTree = "<group>"; fileEncoding = undefined; lastKnownFileType = unknown; explicitFileType = undefined; includeInIndex = 0; };
		4F508CA5501C4229868B25A9 /* Metropolis-BoldItalic.otf */ = {isa = PBXFileReference; name = "Metropolis-BoldItalic.otf"; path = "../assets/Metropolis-BoldItalic.otf"; sourceTree = "<group>"; fileEncoding = undefined; lastKnownFileType = unknown; explicitFileType = undefined; includeInIndex = 0; };
		6B05C1F9253A457982267723 /* Metropolis-ExtraBold.otf */ = {isa = PBXFileReference; name = "Metropolis-ExtraBold.otf"; path = "../assets/Metropolis-ExtraBold.otf"; sourceTree = "<group>"; fileEncoding = undefined; lastKnownFileType = unknown; explicitFileType = undefined; includeInIndex = 0; };
		E67D6AED3A80407BBB5D1335 /* Metropolis-ExtraBoldItalic.otf */ = {isa = PBXFileReference; name = "Metropolis-ExtraBoldItalic.otf"; path = "../assets/Metropolis-ExtraBoldItalic.otf"; sourceTree = "<group>"; fileEncoding = undefined; lastKnownFileType = unknown; explicitFileType = undefined; includeInIndex = 0; };
		87F5389C1A8E4A42894750EB /* Metropolis-ExtraLight.otf */ = {isa = PBXFileReference; name = "Metropolis-ExtraLight.otf"; path = "../assets/Metropolis-ExtraLight.otf"; sourceTree = "<group>"; fileEncoding = undefined; lastKnownFileType = unknown; explicitFileType = undefined; includeInIndex = 0; };
		20B32F0B4A88400CA248E6E2 /* Metropolis-ExtraLightItalic.otf */ = {isa = PBXFileReference; name = "Metropolis-ExtraLightItalic.otf"; path = "../assets/Metropolis-ExtraLightItalic.otf"; sourceTree = "<group>"; fileEncoding = undefined; lastKnownFileType = unknown; explicitFileType = undefined; includeInIndex = 0; };
		5F16A8ECE2F84AC4941D18D2 /* Metropolis-Light.otf */ = {isa = PBXFileReference; name = "Metropolis-Light.otf"; path = "../assets/Metropolis-Light.otf"; sourceTree = "<group>"; fileEncoding = undefined; lastKnownFileType = unknown; explicitFileType = undefined; includeInIndex = 0; };
		4D913144EDA844508134957D /* Metropolis-LightItalic.otf */ = {isa = PBXFileReference; name = "Metropolis-LightItalic.otf"; path = "../assets/Metropolis-LightItalic.otf"; sourceTree = "<group>"; fileEncoding = undefined; lastKnownFileType = unknown; explicitFileType = undefined; includeInIndex = 0; };
		1545D8DADD3A4142B0DD4E22 /* Metropolis-Medium.otf */ = {isa = PBXFileReference; name = "Metropolis-Medium.otf"; path = "../assets/Metropolis-Medium.otf"; sourceTree = "<group>"; fileEncoding = undefined; lastKnownFileType = unknown; explicitFileType = undefined; includeInIndex = 0; };
		7B91A02979AC4953BE1E47D0 /* Metropolis-MediumItalic.otf */ = {isa = PBXFileReference; name = "Metropolis-MediumItalic.otf"; path = "../assets/Metropolis-MediumItalic.otf"; sourceTree = "<group>"; fileEncoding = undefined; lastKnownFileType = unknown; explicitFileType = undefined; includeInIndex = 0; };
		FFA3F5753E8849B6BC86AC3E /* Metropolis-Regular.otf */ = {isa = PBXFileReference; name = "Metropolis-Regular.otf"; path = "../assets/Metropolis-Regular.otf"; sourceTree = "<group>"; fileEncoding = undefined; lastKnownFileType = unknown; explicitFileType = undefined; includeInIndex = 0; };
		93128FC6EBDC440EACBBCD15 /* Metropolis-RegularItalic.otf */ = {isa = PBXFileReference; name = "Metropolis-RegularItalic.otf"; path = "../assets/Metropolis-RegularItalic.otf"; sourceTree = "<group>"; fileEncoding = undefined; lastKnownFileType = unknown; explicitFileType = undefined; includeInIndex = 0; };
		CC77E1B4C60A4507A37C72AF /* Metropolis-SemiBold.otf */ = {isa = PBXFileReference; name = "Metropolis-SemiBold.otf"; path = "../assets/Metropolis-SemiBold.otf"; sourceTree = "<group>"; fileEncoding = undefined; lastKnownFileType = unknown; explicitFileType = undefined; includeInIndex = 0; };
		0B5216EA03034249825277C2 /* Metropolis-SemiBoldItalic.otf */ = {isa = PBXFileReference; name = "Metropolis-SemiBoldItalic.otf"; path = "../assets/Metropolis-SemiBoldItalic.otf"; sourceTree = "<group>"; fileEncoding = undefined; lastKnownFileType = unknown; explicitFileType = undefined; includeInIndex = 0; };
		F422BF1A05AB47788E93CCA0 /* Metropolis-Thin.otf */ = {isa = PBXFileReference; name = "Metropolis-Thin.otf"; path = "../assets/Metropolis-Thin.otf"; sourceTree = "<group>"; fileEncoding = undefined; lastKnownFileType = unknown; explicitFileType = undefined; includeInIndex = 0; };
		112DC4BBE4BD4957B15305B0 /* Metropolis-ThinItalic.otf */ = {isa = PBXFileReference; name = "Metropolis-ThinItalic.otf"; path = "../assets/Metropolis-ThinItalic.otf"; sourceTree = "<group>"; fileEncoding = undefined; lastKnownFileType = unknown; explicitFileType = undefined; includeInIndex = 0; };
		73942E8B553E40BA91BD7BBA /* Metropolis-Black.otf */ = {isa = PBXFileReference; name = "Metropolis-Black.otf"; path = "../assets/fonts/Metropolis-Black.otf"; sourceTree = "<group>"; fileEncoding = undefined; lastKnownFileType = unknown; explicitFileType = undefined; includeInIndex = 0; };
		D160E30811D943E1A7F0598C /* Metropolis-BlackItalic.otf */ = {isa = PBXFileReference; name = "Metropolis-BlackItalic.otf"; path = "../assets/fonts/Metropolis-BlackItalic.otf"; sourceTree = "<group>"; fileEncoding = undefined; lastKnownFileType = unknown; explicitFileType = undefined; includeInIndex = 0; };
		6C41FB26C3A24B65B248ED66 /* Metropolis-Bold.otf */ = {isa = PBXFileReference; name = "Metropolis-Bold.otf"; path = "../assets/fonts/Metropolis-Bold.otf"; sourceTree = "<group>"; fileEncoding = undefined; lastKnownFileType = unknown; explicitFileType = undefined; includeInIndex = 0; };
		0C94B8417D514BF39D6410C5 /* Metropolis-BoldItalic.otf */ = {isa = PBXFileReference; name = "Metropolis-BoldItalic.otf"; path = "../assets/fonts/Metropolis-BoldItalic.otf"; sourceTree = "<group>"; fileEncoding = undefined; lastKnownFileType = unknown; explicitFileType = undefined; includeInIndex = 0; };
		F50D0520E8A947C68CB2F9A4 /* Metropolis-ExtraBold.otf */ = {isa = PBXFileReference; name = "Metropolis-ExtraBold.otf"; path = "../assets/fonts/Metropolis-ExtraBold.otf"; sourceTree = "<group>"; fileEncoding = undefined; lastKnownFileType = unknown; explicitFileType = undefined; includeInIndex = 0; };
		587F8E428BA042E2995F6B71 /* Metropolis-ExtraBoldItalic.otf */ = {isa = PBXFileReference; name = "Metropolis-ExtraBoldItalic.otf"; path = "../assets/fonts/Metropolis-ExtraBoldItalic.otf"; sourceTree = "<group>"; fileEncoding = undefined; lastKnownFileType = unknown; explicitFileType = undefined; includeInIndex = 0; };
		18606329373B4A23884DA966 /* Metropolis-ExtraLight.otf */ = {isa = PBXFileReference; name = "Metropolis-ExtraLight.otf"; path = "../assets/fonts/Metropolis-ExtraLight.otf"; sourceTree = "<group>"; fileEncoding = undefined; lastKnownFileType = unknown; explicitFileType = undefined; includeInIndex = 0; };
		C4ABBDCFA08647AA95335A89 /* Metropolis-ExtraLightItalic.otf */ = {isa = PBXFileReference; name = "Metropolis-ExtraLightItalic.otf"; path = "../assets/fonts/Metropolis-ExtraLightItalic.otf"; sourceTree = "<group>"; fileEncoding = undefined; lastKnownFileType = unknown; explicitFileType = undefined; includeInIndex = 0; };
		C2B10AD27876431F9A1FABCD /* Metropolis-Light.otf */ = {isa = PBXFileReference; name = "Metropolis-Light.otf"; path = "../assets/fonts/Metropolis-Light.otf"; sourceTree = "<group>"; fileEncoding = undefined; lastKnownFileType = unknown; explicitFileType = undefined; includeInIndex = 0; };
		0F41B631E104426485ACA879 /* Metropolis-LightItalic.otf */ = {isa = PBXFileReference; name = "Metropolis-LightItalic.otf"; path = "../assets/fonts/Metropolis-LightItalic.otf"; sourceTree = "<group>"; fileEncoding = undefined; lastKnownFileType = unknown; explicitFileType = undefined; includeInIndex = 0; };
		6BA1028FB7914D27B729128D /* Metropolis-Medium.otf */ = {isa = PBXFileReference; name = "Metropolis-Medium.otf"; path = "../assets/fonts/Metropolis-Medium.otf"; sourceTree = "<group>"; fileEncoding = undefined; lastKnownFileType = unknown; explicitFileType = undefined; includeInIndex = 0; };
		250C093710D34F8B907BCDC1 /* Metropolis-MediumItalic.otf */ = {isa = PBXFileReference; name = "Metropolis-MediumItalic.otf"; path = "../assets/fonts/Metropolis-MediumItalic.otf"; sourceTree = "<group>"; fileEncoding = undefined; lastKnownFileType = unknown; explicitFileType = undefined; includeInIndex = 0; };
		A0E2147354D94DA194FF7A49 /* Metropolis-Regular.otf */ = {isa = PBXFileReference; name = "Metropolis-Regular.otf"; path = "../assets/fonts/Metropolis-Regular.otf"; sourceTree = "<group>"; fileEncoding = undefined; lastKnownFileType = unknown; explicitFileType = undefined; includeInIndex = 0; };
		81346D0C44D94ABBAEA49F53 /* Metropolis-RegularItalic.otf */ = {isa = PBXFileReference; name = "Metropolis-RegularItalic.otf"; path = "../assets/fonts/Metropolis-RegularItalic.otf"; sourceTree = "<group>"; fileEncoding = undefined; lastKnownFileType = unknown; explicitFileType = undefined; includeInIndex = 0; };
		AB5F0AABF1BC4042B55E4F5B /* Metropolis-SemiBold.otf */ = {isa = PBXFileReference; name = "Metropolis-SemiBold.otf"; path = "../assets/fonts/Metropolis-SemiBold.otf"; sourceTree = "<group>"; fileEncoding = undefined; lastKnownFileType = unknown; explicitFileType = undefined; includeInIndex = 0; };
		7D1B6F6C499D4DD2B53A659C /* Metropolis-SemiBoldItalic.otf */ = {isa = PBXFileReference; name = "Metropolis-SemiBoldItalic.otf"; path = "../assets/fonts/Metropolis-SemiBoldItalic.otf"; sourceTree = "<group>"; fileEncoding = undefined; lastKnownFileType = unknown; explicitFileType = undefined; includeInIndex = 0; };
		8174C6461A3E42D0989A2C28 /* Metropolis-Thin.otf */ = {isa = PBXFileReference; name = "Metropolis-Thin.otf"; path = "../assets/fonts/Metropolis-Thin.otf"; sourceTree = "<group>"; fileEncoding = undefined; lastKnownFileType = unknown; explicitFileType = undefined; includeInIndex = 0; };
		6329FE82AFC347EDA1F755B3 /* Metropolis-ThinItalic.otf */ = {isa = PBXFileReference; name = "Metropolis-ThinItalic.otf"; path = "../assets/fonts/Metropolis-ThinItalic.otf"; sourceTree = "<group>"; fileEncoding = undefined; lastKnownFileType = unknown; explicitFileType = undefined; includeInIndex = 0; };
/* End PBXFileReference section */

/* Begin PBXFrameworksBuildPhase section */
		00E356EB1AD99517003FC87E /* Frameworks */ = {
			isa = PBXFrameworksBuildPhase;
			buildActionMask = 2147483647;
			files = (
			);
			runOnlyForDeploymentPostprocessing = 0;
		};
		13B07F8C1A680F5B00A75B9A /* Frameworks */ = {
			isa = PBXFrameworksBuildPhase;
			buildActionMask = 2147483647;
			files = (
			);
			runOnlyForDeploymentPostprocessing = 0;
		};
/* End PBXFrameworksBuildPhase section */

/* Begin PBXGroup section */
		00E356EF1AD99517003FC87E /* foodieTests */ = {
			isa = PBXGroup;
			children = (
				00E356F21AD99517003FC87E /* foodieTests.m */,
				00E356F01AD99517003FC87E /* Supporting Files */,
			);
			path = foodieTests;
			sourceTree = "<group>";
		};
		00E356F01AD99517003FC87E /* Supporting Files */ = {
			isa = PBXGroup;
			children = (
				00E356F11AD99517003FC87E /* Info.plist */,
			);
			name = "Supporting Files";
			sourceTree = "<group>";
		};
		13B07FAE1A68108700A75B9A /* foodie */ = {
			isa = PBXGroup;
			children = (
				13B07FAF1A68108700A75B9A /* AppDelegate.h */,
				13B07FB01A68108700A75B9A /* AppDelegate.m */,
				13B07FB51A68108700A75B9A /* Images.xcassets */,
				13B07FB61A68108700A75B9A /* Info.plist */,
				81AB9BB72411601600AC10FF /* LaunchScreen.storyboard */,
				13B07FB71A68108700A75B9A /* main.m */,
			);
			name = foodie;
			sourceTree = "<group>";
		};
		2D16E6871FA4F8E400B85C8A /* Frameworks */ = {
			isa = PBXGroup;
			children = (
				ED297162215061F000B7C4FE /* JavaScriptCore.framework */,
			);
			name = Frameworks;
			sourceTree = "<group>";
		};
		832341AE1AAA6A7D00B99B32 /* Libraries */ = {
			isa = PBXGroup;
			children = (
			);
			name = Libraries;
			sourceTree = "<group>";
		};
		83CBB9F61A601CBA00E9B192 = {
			isa = PBXGroup;
			children = (
				13B07FAE1A68108700A75B9A /* foodie */,
				832341AE1AAA6A7D00B99B32 /* Libraries */,
				00E356EF1AD99517003FC87E /* foodieTests */,
				83CBBA001A601CBA00E9B192 /* Products */,
				2D16E6871FA4F8E400B85C8A /* Frameworks */,
				3970AAFC25AF4B61A8C4CA53 /* Resources */,
			);
			indentWidth = 2;
			sourceTree = "<group>";
			tabWidth = 2;
			usesTabs = 0;
		};
		83CBBA001A601CBA00E9B192 /* Products */ = {
			isa = PBXGroup;
			children = (
				13B07F961A680F5B00A75B9A /* foodie.app */,
				00E356EE1AD99517003FC87E /* foodieTests.xctest */,
			);
			name = Products;
			sourceTree = "<group>";
		};
		3970AAFC25AF4B61A8C4CA53 /* Resources */ = {
			isa = "PBXGroup";
			children = (
				4D9B61A54DB74A1B9E9F46A2 /* image4.png */,
				31F6CD65999143058390A820 /* Metropolis-Black.otf */,
				A6F4D55EA29C4646B85A4798 /* Metropolis-BlackItalic.otf */,
				35E95D35DDD14F05AD927BFC /* Metropolis-Bold.otf */,
				4F508CA5501C4229868B25A9 /* Metropolis-BoldItalic.otf */,
				6B05C1F9253A457982267723 /* Metropolis-ExtraBold.otf */,
				E67D6AED3A80407BBB5D1335 /* Metropolis-ExtraBoldItalic.otf */,
				87F5389C1A8E4A42894750EB /* Metropolis-ExtraLight.otf */,
				20B32F0B4A88400CA248E6E2 /* Metropolis-ExtraLightItalic.otf */,
				5F16A8ECE2F84AC4941D18D2 /* Metropolis-Light.otf */,
				4D913144EDA844508134957D /* Metropolis-LightItalic.otf */,
				1545D8DADD3A4142B0DD4E22 /* Metropolis-Medium.otf */,
				7B91A02979AC4953BE1E47D0 /* Metropolis-MediumItalic.otf */,
				FFA3F5753E8849B6BC86AC3E /* Metropolis-Regular.otf */,
				93128FC6EBDC440EACBBCD15 /* Metropolis-RegularItalic.otf */,
				CC77E1B4C60A4507A37C72AF /* Metropolis-SemiBold.otf */,
				0B5216EA03034249825277C2 /* Metropolis-SemiBoldItalic.otf */,
				F422BF1A05AB47788E93CCA0 /* Metropolis-Thin.otf */,
				112DC4BBE4BD4957B15305B0 /* Metropolis-ThinItalic.otf */,
				73942E8B553E40BA91BD7BBA /* Metropolis-Black.otf */,
				D160E30811D943E1A7F0598C /* Metropolis-BlackItalic.otf */,
				6C41FB26C3A24B65B248ED66 /* Metropolis-Bold.otf */,
				0C94B8417D514BF39D6410C5 /* Metropolis-BoldItalic.otf */,
				F50D0520E8A947C68CB2F9A4 /* Metropolis-ExtraBold.otf */,
				587F8E428BA042E2995F6B71 /* Metropolis-ExtraBoldItalic.otf */,
				18606329373B4A23884DA966 /* Metropolis-ExtraLight.otf */,
				C4ABBDCFA08647AA95335A89 /* Metropolis-ExtraLightItalic.otf */,
				C2B10AD27876431F9A1FABCD /* Metropolis-Light.otf */,
				0F41B631E104426485ACA879 /* Metropolis-LightItalic.otf */,
				6BA1028FB7914D27B729128D /* Metropolis-Medium.otf */,
				250C093710D34F8B907BCDC1 /* Metropolis-MediumItalic.otf */,
				A0E2147354D94DA194FF7A49 /* Metropolis-Regular.otf */,
				81346D0C44D94ABBAEA49F53 /* Metropolis-RegularItalic.otf */,
				AB5F0AABF1BC4042B55E4F5B /* Metropolis-SemiBold.otf */,
				7D1B6F6C499D4DD2B53A659C /* Metropolis-SemiBoldItalic.otf */,
				8174C6461A3E42D0989A2C28 /* Metropolis-Thin.otf */,
				6329FE82AFC347EDA1F755B3 /* Metropolis-ThinItalic.otf */,
			);
			name = Resources;
			sourceTree = "<group>";
			path = "";
		};
/* End PBXGroup section */

/* Begin PBXNativeTarget section */
		00E356ED1AD99517003FC87E /* foodieTests */ = {
			isa = PBXNativeTarget;
			buildConfigurationList = 00E357021AD99517003FC87E /* Build configuration list for PBXNativeTarget "foodieTests" */;
			buildPhases = (
				00E356EA1AD99517003FC87E /* Sources */,
				00E356EB1AD99517003FC87E /* Frameworks */,
				00E356EC1AD99517003FC87E /* Resources */,
			);
			buildRules = (
			);
			dependencies = (
				00E356F51AD99517003FC87E /* PBXTargetDependency */,
			);
			name = foodieTests;
			productName = foodieTests;
			productReference = 00E356EE1AD99517003FC87E /* foodieTests.xctest */;
			productType = "com.apple.product-type.bundle.unit-test";
		};
		13B07F861A680F5B00A75B9A /* foodie */ = {
			isa = PBXNativeTarget;
			buildConfigurationList = 13B07F931A680F5B00A75B9A /* Build configuration list for PBXNativeTarget "foodie" */;
			buildPhases = (
				FD10A7F022414F080027D42C /* Start Packager */,
				13B07F871A680F5B00A75B9A /* Sources */,
				13B07F8C1A680F5B00A75B9A /* Frameworks */,
				13B07F8E1A680F5B00A75B9A /* Resources */,
				00DD1BFF1BD5951E006B06BC /* Bundle React Native code and images */,
			);
			buildRules = (
			);
			dependencies = (
			);
			name = foodie;
			productName = foodie;
			productReference = 13B07F961A680F5B00A75B9A /* foodie.app */;
			productType = "com.apple.product-type.application";
		};
/* End PBXNativeTarget section */

/* Begin PBXProject section */
		83CBB9F71A601CBA00E9B192 /* Project object */ = {
			isa = PBXProject;
			attributes = {
				LastUpgradeCheck = 1210;
				TargetAttributes = {
					00E356ED1AD99517003FC87E = {
						CreatedOnToolsVersion = 6.2;
						TestTargetID = 13B07F861A680F5B00A75B9A;
					};
					13B07F861A680F5B00A75B9A = {
						LastSwiftMigration = 1120;
					};
				};
			};
			buildConfigurationList = 83CBB9FA1A601CBA00E9B192 /* Build configuration list for PBXProject "foodie" */;
			compatibilityVersion = "Xcode 12.0";
			developmentRegion = en;
			hasScannedForEncodings = 0;
			knownRegions = (
				en,
				Base,
			);
			mainGroup = 83CBB9F61A601CBA00E9B192;
			productRefGroup = 83CBBA001A601CBA00E9B192 /* Products */;
			projectDirPath = "";
			projectRoot = "";
			targets = (
				13B07F861A680F5B00A75B9A /* foodie */,
				00E356ED1AD99517003FC87E /* foodieTests */,
			);
		};
/* End PBXProject section */

/* Begin PBXResourcesBuildPhase section */
		00E356EC1AD99517003FC87E /* Resources */ = {
			isa = PBXResourcesBuildPhase;
			buildActionMask = 2147483647;
			files = (
			);
			runOnlyForDeploymentPostprocessing = 0;
		};
		13B07F8E1A680F5B00A75B9A /* Resources */ = {
			isa = PBXResourcesBuildPhase;
			buildActionMask = 2147483647;
			files = (
				81AB9BB82411601600AC10FF /* LaunchScreen.storyboard in Resources */,
				13B07FBF1A68108700A75B9A /* Images.xcassets in Resources */,
				D533851C07F64C2DAC58DEBF /* image4.png in Resources */,
				24DE4F9BCC5845029A4E669D /* Metropolis-Black.otf in Resources */,
				2D81AF48556848C8B37D42AE /* Metropolis-BlackItalic.otf in Resources */,
				9C398B64EAA748C58F69D585 /* Metropolis-Bold.otf in Resources */,
				4F3FA96DB68C45A8BAA33EDF /* Metropolis-BoldItalic.otf in Resources */,
				BC860B4131BA46C1B58FA3BD /* Metropolis-ExtraBold.otf in Resources */,
				2FDC5E3583AF4468A8370657 /* Metropolis-ExtraBoldItalic.otf in Resources */,
				99394ED179924780948D8D69 /* Metropolis-ExtraLight.otf in Resources */,
				6F0A9ADBA9624172820479D3 /* Metropolis-ExtraLightItalic.otf in Resources */,
				EAB890C5842F4E67A94D12ED /* Metropolis-Light.otf in Resources */,
				A88371DE441C409894FB78A9 /* Metropolis-LightItalic.otf in Resources */,
				368D4B70946D4A40B65CD7FF /* Metropolis-Medium.otf in Resources */,
				1D2EB7FE31784D9BB7F2E5AA /* Metropolis-MediumItalic.otf in Resources */,
				BE481405036B4FE2B056F5FD /* Metropolis-Regular.otf in Resources */,
				2CB52C98A84F4CA8A9F008F6 /* Metropolis-RegularItalic.otf in Resources */,
				48C5CFCCF0B847E7A440AC8E /* Metropolis-SemiBold.otf in Resources */,
				844011C041574B98AED38C43 /* Metropolis-SemiBoldItalic.otf in Resources */,
				EF05B3E2048B49D6B0B85B67 /* Metropolis-Thin.otf in Resources */,
				9E1641B588F047979B1C676E /* Metropolis-ThinItalic.otf in Resources */,
				3E5413AE35654530A9132497 /* Metropolis-Black.otf in Resources */,
				1CB26B8525D14BEF8FBF1D9D /* Metropolis-BlackItalic.otf in Resources */,
				133F7854FE264DC7A55578C8 /* Metropolis-Bold.otf in Resources */,
				88E979344C1F4D8CAE60E191 /* Metropolis-BoldItalic.otf in Resources */,
				0AE39DC0745743E3A4683396 /* Metropolis-ExtraBold.otf in Resources */,
				551D4BC6D4864C67A91A6819 /* Metropolis-ExtraBoldItalic.otf in Resources */,
				A0F1A87CDF404D5B8BAA52FA /* Metropolis-ExtraLight.otf in Resources */,
				B25C6DE19CF0408DA4E9C844 /* Metropolis-ExtraLightItalic.otf in Resources */,
				C5C947F6F97B47E397305F74 /* Metropolis-Light.otf in Resources */,
				7C7DA100D71F429A94942988 /* Metropolis-LightItalic.otf in Resources */,
				E180BA72A70647AB80C29FAB /* Metropolis-Medium.otf in Resources */,
				04E157AE341A4E29B813C8AC /* Metropolis-MediumItalic.otf in Resources */,
				25DAE90F2158408BAF78226F /* Metropolis-Regular.otf in Resources */,
				4826F9B6CC2C41808DC54426 /* Metropolis-RegularItalic.otf in Resources */,
				E5D33356A02C4FFD8B784A88 /* Metropolis-SemiBold.otf in Resources */,
				4DC496F9503746F7B15FF571 /* Metropolis-SemiBoldItalic.otf in Resources */,
				D7CDD38CBCAC41C3BA868D8A /* Metropolis-Thin.otf in Resources */,
				0CBB9260F57D444BA5EEABE0 /* Metropolis-ThinItalic.otf in Resources */,
			);
			runOnlyForDeploymentPostprocessing = 0;
		};
/* End PBXResourcesBuildPhase section */

/* Begin PBXShellScriptBuildPhase section */
		00DD1BFF1BD5951E006B06BC /* Bundle React Native code and images */ = {
			isa = PBXShellScriptBuildPhase;
			buildActionMask = 2147483647;
			files = (
			);
			inputPaths = (
			);
			name = "Bundle React Native code and images";
			outputPaths = (
			);
			runOnlyForDeploymentPostprocessing = 0;
			shellPath = /bin/sh;
			shellScript = "set -e\n\nexport NODE_BINARY=node\n../node_modules/react-native/scripts/react-native-xcode.sh\n";
		};
		FD10A7F022414F080027D42C /* Start Packager */ = {
			isa = PBXShellScriptBuildPhase;
			buildActionMask = 2147483647;
			files = (
			);
			inputFileListPaths = (
			);
			inputPaths = (
			);
			name = "Start Packager";
			outputFileListPaths = (
			);
			outputPaths = (
			);
			runOnlyForDeploymentPostprocessing = 0;
			shellPath = /bin/sh;
			shellScript = "export RCT_METRO_PORT=\"${RCT_METRO_PORT:=8081}\"\necho \"export RCT_METRO_PORT=${RCT_METRO_PORT}\" > \"${SRCROOT}/../node_modules/react-native/scripts/.packager.env\"\nif [ -z \"${RCT_NO_LAUNCH_PACKAGER+xxx}\" ] ; then\n  if nc -w 5 -z localhost ${RCT_METRO_PORT} ; then\n    if ! curl -s \"http://localhost:${RCT_METRO_PORT}/status\" | grep -q \"packager-status:running\" ; then\n      echo \"Port ${RCT_METRO_PORT} already in use, packager is either not running or not running correctly\"\n      exit 2\n    fi\n  else\n    open \"$SRCROOT/../node_modules/react-native/scripts/launchPackager.command\" || echo \"Can't start packager automatically\"\n  fi\nfi\n";
			showEnvVarsInLog = 0;
		};
/* End PBXShellScriptBuildPhase section */

/* Begin PBXSourcesBuildPhase section */
		00E356EA1AD99517003FC87E /* Sources */ = {
			isa = PBXSourcesBuildPhase;
			buildActionMask = 2147483647;
			files = (
				00E356F31AD99517003FC87E /* foodieTests.m in Sources */,
			);
			runOnlyForDeploymentPostprocessing = 0;
		};
		13B07F871A680F5B00A75B9A /* Sources */ = {
			isa = PBXSourcesBuildPhase;
			buildActionMask = 2147483647;
			files = (
				13B07FBC1A68108700A75B9A /* AppDelegate.m in Sources */,
				13B07FC11A68108700A75B9A /* main.m in Sources */,
			);
			runOnlyForDeploymentPostprocessing = 0;
		};
/* End PBXSourcesBuildPhase section */

/* Begin PBXTargetDependency section */
		00E356F51AD99517003FC87E /* PBXTargetDependency */ = {
			isa = PBXTargetDependency;
			target = 13B07F861A680F5B00A75B9A /* foodie */;
			targetProxy = 00E356F41AD99517003FC87E /* PBXContainerItemProxy */;
		};
/* End PBXTargetDependency section */

/* Begin XCBuildConfiguration section */
		00E356F61AD99517003FC87E /* Debug */ = {
			isa = XCBuildConfiguration;
			buildSettings = {
				BUNDLE_LOADER = "$(TEST_HOST)";
				GCC_PREPROCESSOR_DEFINITIONS = (
					"DEBUG=1",
					"$(inherited)",
				);
				INFOPLIST_FILE = foodieTests/Info.plist;
				IPHONEOS_DEPLOYMENT_TARGET = 10.0;
				LD_RUNPATH_SEARCH_PATHS = (
					"$(inherited)",
					"@executable_path/Frameworks",
					"@loader_path/Frameworks",
				);
				OTHER_LDFLAGS = (
					"-ObjC",
					"-lc++",
					"$(inherited)",
				);
				PRODUCT_BUNDLE_IDENTIFIER = "org.reactjs.native.example.$(PRODUCT_NAME:rfc1034identifier)";
				PRODUCT_NAME = "$(TARGET_NAME)";
				TEST_HOST = "$(BUILT_PRODUCTS_DIR)/foodie.app/foodie";
			};
			name = Debug;
		};
		00E356F71AD99517003FC87E /* Release */ = {
			isa = XCBuildConfiguration;
			buildSettings = {
				BUNDLE_LOADER = "$(TEST_HOST)";
				COPY_PHASE_STRIP = NO;
				INFOPLIST_FILE = foodieTests/Info.plist;
				IPHONEOS_DEPLOYMENT_TARGET = 10.0;
				LD_RUNPATH_SEARCH_PATHS = (
					"$(inherited)",
					"@executable_path/Frameworks",
					"@loader_path/Frameworks",
				);
				OTHER_LDFLAGS = (
					"-ObjC",
					"-lc++",
					"$(inherited)",
				);
				PRODUCT_BUNDLE_IDENTIFIER = "org.reactjs.native.example.$(PRODUCT_NAME:rfc1034identifier)";
				PRODUCT_NAME = "$(TARGET_NAME)";
				TEST_HOST = "$(BUILT_PRODUCTS_DIR)/foodie.app/foodie";
			};
			name = Release;
		};
		13B07F941A680F5B00A75B9A /* Debug */ = {
			isa = XCBuildConfiguration;
			buildSettings = {
				ASSETCATALOG_COMPILER_APPICON_NAME = AppIcon;
				CLANG_ENABLE_MODULES = YES;
				CURRENT_PROJECT_VERSION = 1;
				ENABLE_BITCODE = NO;
				INFOPLIST_FILE = foodie/Info.plist;
				LD_RUNPATH_SEARCH_PATHS = (
					"$(inherited)",
					"@executable_path/Frameworks",
				);
				OTHER_LDFLAGS = (
					"$(inherited)",
					"-ObjC",
					"-lc++",
				);
				PRODUCT_BUNDLE_IDENTIFIER = "org.reactjs.native.example.$(PRODUCT_NAME:rfc1034identifier)";
				PRODUCT_NAME = foodie;
				SWIFT_OPTIMIZATION_LEVEL = "-Onone";
				SWIFT_VERSION = 5.0;
				VERSIONING_SYSTEM = "apple-generic";
			};
			name = Debug;
		};
		13B07F951A680F5B00A75B9A /* Release */ = {
			isa = XCBuildConfiguration;
			buildSettings = {
				ASSETCATALOG_COMPILER_APPICON_NAME = AppIcon;
				CLANG_ENABLE_MODULES = YES;
				CURRENT_PROJECT_VERSION = 1;
				INFOPLIST_FILE = foodie/Info.plist;
				LD_RUNPATH_SEARCH_PATHS = (
					"$(inherited)",
					"@executable_path/Frameworks",
				);
				OTHER_LDFLAGS = (
					"$(inherited)",
					"-ObjC",
					"-lc++",
				);
				PRODUCT_BUNDLE_IDENTIFIER = "org.reactjs.native.example.$(PRODUCT_NAME:rfc1034identifier)";
				PRODUCT_NAME = foodie;
				SWIFT_VERSION = 5.0;
				VERSIONING_SYSTEM = "apple-generic";
			};
			name = Release;
		};
		83CBBA201A601CBA00E9B192 /* Debug */ = {
			isa = XCBuildConfiguration;
			buildSettings = {
				ALWAYS_SEARCH_USER_PATHS = NO;
				CLANG_ANALYZER_LOCALIZABILITY_NONLOCALIZED = YES;
				CLANG_CXX_LANGUAGE_STANDARD = "gnu++0x";
				CLANG_CXX_LIBRARY = "libc++";
				CLANG_ENABLE_MODULES = YES;
				CLANG_ENABLE_OBJC_ARC = YES;
				CLANG_WARN_BLOCK_CAPTURE_AUTORELEASING = YES;
				CLANG_WARN_BOOL_CONVERSION = YES;
				CLANG_WARN_COMMA = YES;
				CLANG_WARN_CONSTANT_CONVERSION = YES;
				CLANG_WARN_DEPRECATED_OBJC_IMPLEMENTATIONS = YES;
				CLANG_WARN_DIRECT_OBJC_ISA_USAGE = YES_ERROR;
				CLANG_WARN_EMPTY_BODY = YES;
				CLANG_WARN_ENUM_CONVERSION = YES;
				CLANG_WARN_INFINITE_RECURSION = YES;
				CLANG_WARN_INT_CONVERSION = YES;
				CLANG_WARN_NON_LITERAL_NULL_CONVERSION = YES;
				CLANG_WARN_OBJC_IMPLICIT_RETAIN_SELF = YES;
				CLANG_WARN_OBJC_LITERAL_CONVERSION = YES;
				CLANG_WARN_OBJC_ROOT_CLASS = YES_ERROR;
				CLANG_WARN_QUOTED_INCLUDE_IN_FRAMEWORK_HEADER = YES;
				CLANG_WARN_RANGE_LOOP_ANALYSIS = YES;
				CLANG_WARN_STRICT_PROTOTYPES = YES;
				CLANG_WARN_SUSPICIOUS_MOVE = YES;
				CLANG_WARN_UNREACHABLE_CODE = YES;
				CLANG_WARN__DUPLICATE_METHOD_MATCH = YES;
				"CODE_SIGN_IDENTITY[sdk=iphoneos*]" = "iPhone Developer";
				COPY_PHASE_STRIP = NO;
				ENABLE_STRICT_OBJC_MSGSEND = YES;
				ENABLE_TESTABILITY = YES;
				GCC_C_LANGUAGE_STANDARD = gnu99;
				GCC_DYNAMIC_NO_PIC = NO;
				GCC_NO_COMMON_BLOCKS = YES;
				GCC_OPTIMIZATION_LEVEL = 0;
				GCC_PREPROCESSOR_DEFINITIONS = (
					"DEBUG=1",
					"$(inherited)",
				);
				GCC_SYMBOLS_PRIVATE_EXTERN = NO;
				GCC_WARN_64_TO_32_BIT_CONVERSION = YES;
				GCC_WARN_ABOUT_RETURN_TYPE = YES_ERROR;
				GCC_WARN_UNDECLARED_SELECTOR = YES;
				GCC_WARN_UNINITIALIZED_AUTOS = YES_AGGRESSIVE;
				GCC_WARN_UNUSED_FUNCTION = YES;
				GCC_WARN_UNUSED_VARIABLE = YES;
				IPHONEOS_DEPLOYMENT_TARGET = 10.0;
				LD_RUNPATH_SEARCH_PATHS = (
					/usr/lib/swift,
					"$(inherited)",
				);
				LIBRARY_SEARCH_PATHS = (
					"\"$(TOOLCHAIN_DIR)/usr/lib/swift/$(PLATFORM_NAME)\"",
					"\"$(TOOLCHAIN_DIR)/usr/lib/swift-5.0/$(PLATFORM_NAME)\"",
					"\"$(inherited)\"",
				);
				MTL_ENABLE_DEBUG_INFO = YES;
				ONLY_ACTIVE_ARCH = YES;
				SDKROOT = iphoneos;
			};
			name = Debug;
		};
		83CBBA211A601CBA00E9B192 /* Release */ = {
			isa = XCBuildConfiguration;
			buildSettings = {
				ALWAYS_SEARCH_USER_PATHS = NO;
				CLANG_ANALYZER_LOCALIZABILITY_NONLOCALIZED = YES;
				CLANG_CXX_LANGUAGE_STANDARD = "gnu++0x";
				CLANG_CXX_LIBRARY = "libc++";
				CLANG_ENABLE_MODULES = YES;
				CLANG_ENABLE_OBJC_ARC = YES;
				CLANG_WARN_BLOCK_CAPTURE_AUTORELEASING = YES;
				CLANG_WARN_BOOL_CONVERSION = YES;
				CLANG_WARN_COMMA = YES;
				CLANG_WARN_CONSTANT_CONVERSION = YES;
				CLANG_WARN_DEPRECATED_OBJC_IMPLEMENTATIONS = YES;
				CLANG_WARN_DIRECT_OBJC_ISA_USAGE = YES_ERROR;
				CLANG_WARN_EMPTY_BODY = YES;
				CLANG_WARN_ENUM_CONVERSION = YES;
				CLANG_WARN_INFINITE_RECURSION = YES;
				CLANG_WARN_INT_CONVERSION = YES;
				CLANG_WARN_NON_LITERAL_NULL_CONVERSION = YES;
				CLANG_WARN_OBJC_IMPLICIT_RETAIN_SELF = YES;
				CLANG_WARN_OBJC_LITERAL_CONVERSION = YES;
				CLANG_WARN_OBJC_ROOT_CLASS = YES_ERROR;
				CLANG_WARN_QUOTED_INCLUDE_IN_FRAMEWORK_HEADER = YES;
				CLANG_WARN_RANGE_LOOP_ANALYSIS = YES;
				CLANG_WARN_STRICT_PROTOTYPES = YES;
				CLANG_WARN_SUSPICIOUS_MOVE = YES;
				CLANG_WARN_UNREACHABLE_CODE = YES;
				CLANG_WARN__DUPLICATE_METHOD_MATCH = YES;
				"CODE_SIGN_IDENTITY[sdk=iphoneos*]" = "iPhone Developer";
				COPY_PHASE_STRIP = YES;
				ENABLE_NS_ASSERTIONS = NO;
				ENABLE_STRICT_OBJC_MSGSEND = YES;
				GCC_C_LANGUAGE_STANDARD = gnu99;
				GCC_NO_COMMON_BLOCKS = YES;
				GCC_WARN_64_TO_32_BIT_CONVERSION = YES;
				GCC_WARN_ABOUT_RETURN_TYPE = YES_ERROR;
				GCC_WARN_UNDECLARED_SELECTOR = YES;
				GCC_WARN_UNINITIALIZED_AUTOS = YES_AGGRESSIVE;
				GCC_WARN_UNUSED_FUNCTION = YES;
				GCC_WARN_UNUSED_VARIABLE = YES;
				IPHONEOS_DEPLOYMENT_TARGET = 10.0;
				LD_RUNPATH_SEARCH_PATHS = (
					/usr/lib/swift,
					"$(inherited)",
				);
				LIBRARY_SEARCH_PATHS = (
					"\"$(TOOLCHAIN_DIR)/usr/lib/swift/$(PLATFORM_NAME)\"",
					"\"$(TOOLCHAIN_DIR)/usr/lib/swift-5.0/$(PLATFORM_NAME)\"",
					"\"$(inherited)\"",
				);
				MTL_ENABLE_DEBUG_INFO = NO;
				SDKROOT = iphoneos;
				VALIDATE_PRODUCT = YES;
			};
			name = Release;
		};
/* End XCBuildConfiguration section */

/* Begin XCConfigurationList section */
		00E357021AD99517003FC87E /* Build configuration list for PBXNativeTarget "foodieTests" */ = {
			isa = XCConfigurationList;
			buildConfigurations = (
				00E356F61AD99517003FC87E /* Debug */,
				00E356F71AD99517003FC87E /* Release */,
			);
			defaultConfigurationIsVisible = 0;
			defaultConfigurationName = Release;
		};
		13B07F931A680F5B00A75B9A /* Build configuration list for PBXNativeTarget "foodie" */ = {
			isa = XCConfigurationList;
			buildConfigurations = (
				13B07F941A680F5B00A75B9A /* Debug */,
				13B07F951A680F5B00A75B9A /* Release */,
			);
			defaultConfigurationIsVisible = 0;
			defaultConfigurationName = Release;
		};
		83CBB9FA1A601CBA00E9B192 /* Build configuration list for PBXProject "foodie" */ = {
			isa = XCConfigurationList;
			buildConfigurations = (
				83CBBA201A601CBA00E9B192 /* Debug */,
				83CBBA211A601CBA00E9B192 /* Release */,
			);
			defaultConfigurationIsVisible = 0;
			defaultConfigurationName = Release;
		};
/* End XCConfigurationList section */
	};
	rootObject = 83CBB9F71A601CBA00E9B192 /* Project object */;
}
